// !$*UTF8*$!
{
	archiveVersion = 1;
	classes = {
	};
	objectVersion = 56;
	objects = {

/* Begin PBXBuildFile section */
		50E9B8D02B66DD7900A92EB4 /* GoogleService-Info.plist in Resources */ = {isa = PBXBuildFile; fileRef = 50E9B8CF2B66DD7900A92EB4 /* GoogleService-Info.plist */; };
		50E9B8D32B66E14E00A92EB4 /* FirebaseAnalytics in Frameworks */ = {isa = PBXBuildFile; productRef = 50E9B8D22B66E14E00A92EB4 /* FirebaseAnalytics */; };
		50E9B8D52B66E14E00A92EB4 /* FirebaseAnalyticsOnDeviceConversion in Frameworks */ = {isa = PBXBuildFile; productRef = 50E9B8D42B66E14E00A92EB4 /* FirebaseAnalyticsOnDeviceConversion */; };
		50E9B8D72B66E14E00A92EB4 /* FirebaseAnalyticsSwift in Frameworks */ = {isa = PBXBuildFile; productRef = 50E9B8D62B66E14E00A92EB4 /* FirebaseAnalyticsSwift */; };
		50E9B8D92B66E14E00A92EB4 /* FirebaseAnalyticsWithoutAdIdSupport in Frameworks */ = {isa = PBXBuildFile; productRef = 50E9B8D82B66E14E00A92EB4 /* FirebaseAnalyticsWithoutAdIdSupport */; };
		50E9B8DB2B66E14E00A92EB4 /* FirebaseAppCheck in Frameworks */ = {isa = PBXBuildFile; productRef = 50E9B8DA2B66E14E00A92EB4 /* FirebaseAppCheck */; };
		50E9B8DD2B66E14E00A92EB4 /* FirebaseAppDistribution-Beta in Frameworks */ = {isa = PBXBuildFile; productRef = 50E9B8DC2B66E14E00A92EB4 /* FirebaseAppDistribution-Beta */; };
		50E9B8DF2B66E14E00A92EB4 /* FirebaseAuth in Frameworks */ = {isa = PBXBuildFile; productRef = 50E9B8DE2B66E14E00A92EB4 /* FirebaseAuth */; };
		50E9B8E12B66E14E00A92EB4 /* FirebaseAuthCombine-Community in Frameworks */ = {isa = PBXBuildFile; productRef = 50E9B8E02B66E14E00A92EB4 /* FirebaseAuthCombine-Community */; };
		50E9B8E32B66E14E00A92EB4 /* FirebaseCrashlytics in Frameworks */ = {isa = PBXBuildFile; productRef = 50E9B8E22B66E14E00A92EB4 /* FirebaseCrashlytics */; };
		50E9B8E52B66E14E00A92EB4 /* FirebaseDatabase in Frameworks */ = {isa = PBXBuildFile; productRef = 50E9B8E42B66E14E00A92EB4 /* FirebaseDatabase */; };
		50E9B8E72B66E14E00A92EB4 /* FirebaseDatabaseSwift in Frameworks */ = {isa = PBXBuildFile; productRef = 50E9B8E62B66E14E00A92EB4 /* FirebaseDatabaseSwift */; };
		50E9B8E92B66E14E00A92EB4 /* FirebaseDynamicLinks in Frameworks */ = {isa = PBXBuildFile; productRef = 50E9B8E82B66E14E00A92EB4 /* FirebaseDynamicLinks */; };
		50E9B8EB2B66E14E00A92EB4 /* FirebaseFirestore in Frameworks */ = {isa = PBXBuildFile; productRef = 50E9B8EA2B66E14E00A92EB4 /* FirebaseFirestore */; };
		50E9B8ED2B66E14E00A92EB4 /* FirebaseFirestoreCombine-Community in Frameworks */ = {isa = PBXBuildFile; productRef = 50E9B8EC2B66E14E00A92EB4 /* FirebaseFirestoreCombine-Community */; };
		50E9B8EF2B66E14E00A92EB4 /* FirebaseFirestoreSwift in Frameworks */ = {isa = PBXBuildFile; productRef = 50E9B8EE2B66E14E00A92EB4 /* FirebaseFirestoreSwift */; };
		50E9B8F12B66E14E00A92EB4 /* FirebaseFunctions in Frameworks */ = {isa = PBXBuildFile; productRef = 50E9B8F02B66E14E00A92EB4 /* FirebaseFunctions */; };
		50E9B8F32B66E14E00A92EB4 /* FirebaseFunctionsCombine-Community in Frameworks */ = {isa = PBXBuildFile; productRef = 50E9B8F22B66E14E00A92EB4 /* FirebaseFunctionsCombine-Community */; };
		50E9B8F52B66E14E00A92EB4 /* FirebaseInAppMessaging-Beta in Frameworks */ = {isa = PBXBuildFile; productRef = 50E9B8F42B66E14E00A92EB4 /* FirebaseInAppMessaging-Beta */; };
		50E9B8F72B66E14E00A92EB4 /* FirebaseInAppMessagingSwift-Beta in Frameworks */ = {isa = PBXBuildFile; productRef = 50E9B8F62B66E14E00A92EB4 /* FirebaseInAppMessagingSwift-Beta */; };
		50E9B8F92B66E14E00A92EB4 /* FirebaseInstallations in Frameworks */ = {isa = PBXBuildFile; productRef = 50E9B8F82B66E14E00A92EB4 /* FirebaseInstallations */; };
		50E9B8FB2B66E14E00A92EB4 /* FirebaseMLModelDownloader in Frameworks */ = {isa = PBXBuildFile; productRef = 50E9B8FA2B66E14E00A92EB4 /* FirebaseMLModelDownloader */; };
		50E9B8FD2B66E14E00A92EB4 /* FirebaseMessaging in Frameworks */ = {isa = PBXBuildFile; productRef = 50E9B8FC2B66E14E00A92EB4 /* FirebaseMessaging */; };
		50E9B8FF2B66E14E00A92EB4 /* FirebasePerformance in Frameworks */ = {isa = PBXBuildFile; productRef = 50E9B8FE2B66E14E00A92EB4 /* FirebasePerformance */; };
		50E9B9012B66E14E00A92EB4 /* FirebaseRemoteConfig in Frameworks */ = {isa = PBXBuildFile; productRef = 50E9B9002B66E14E00A92EB4 /* FirebaseRemoteConfig */; };
		50E9B9032B66E14E00A92EB4 /* FirebaseRemoteConfigSwift in Frameworks */ = {isa = PBXBuildFile; productRef = 50E9B9022B66E14E00A92EB4 /* FirebaseRemoteConfigSwift */; };
		50E9B9052B66E14E00A92EB4 /* FirebaseStorage in Frameworks */ = {isa = PBXBuildFile; productRef = 50E9B9042B66E14E00A92EB4 /* FirebaseStorage */; };
		50E9B9072B66E14E00A92EB4 /* FirebaseStorageCombine-Community in Frameworks */ = {isa = PBXBuildFile; productRef = 50E9B9062B66E14E00A92EB4 /* FirebaseStorageCombine-Community */; };
		A93A953B29CC810C00F8E227 /* iosApp.swift in Sources */ = {isa = PBXBuildFile; fileRef = A93A953A29CC810C00F8E227 /* iosApp.swift */; };
		A93A953F29CC810D00F8E227 /* Assets.xcassets in Resources */ = {isa = PBXBuildFile; fileRef = A93A953E29CC810D00F8E227 /* Assets.xcassets */; };
		A93A954229CC810D00F8E227 /* Preview Assets.xcassets in Resources */ = {isa = PBXBuildFile; fileRef = A93A954129CC810D00F8E227 /* Preview Assets.xcassets */; };
/* End PBXBuildFile section */

/* Begin PBXFileReference section */
		50E9B8CF2B66DD7900A92EB4 /* GoogleService-Info.plist */ = {isa = PBXFileReference; fileEncoding = 4; lastKnownFileType = text.plist.xml; path = "GoogleService-Info.plist"; sourceTree = "<group>"; };
		A93A953729CC810C00F8E227 /* PushNotificationsFire.app */ = {isa = PBXFileReference; explicitFileType = wrapper.application; includeInIndex = 0; path = PushNotificationsFire.app; sourceTree = BUILT_PRODUCTS_DIR; };
		A93A953A29CC810C00F8E227 /* iosApp.swift */ = {isa = PBXFileReference; lastKnownFileType = sourcecode.swift; path = iosApp.swift; sourceTree = "<group>"; };
		A93A953E29CC810D00F8E227 /* Assets.xcassets */ = {isa = PBXFileReference; lastKnownFileType = folder.assetcatalog; path = Assets.xcassets; sourceTree = "<group>"; };
		A93A954129CC810D00F8E227 /* Preview Assets.xcassets */ = {isa = PBXFileReference; lastKnownFileType = folder.assetcatalog; path = "Preview Assets.xcassets"; sourceTree = "<group>"; };
/* End PBXFileReference section */

/* Begin PBXFrameworksBuildPhase section */
		A93A953429CC810C00F8E227 /* Frameworks */ = {
			isa = PBXFrameworksBuildPhase;
			buildActionMask = 2147483647;
			files = (
				50E9B8E52B66E14E00A92EB4 /* FirebaseDatabase in Frameworks */,
				50E9B8F32B66E14E00A92EB4 /* FirebaseFunctionsCombine-Community in Frameworks */,
				50E9B8EB2B66E14E00A92EB4 /* FirebaseFirestore in Frameworks */,
				50E9B8D72B66E14E00A92EB4 /* FirebaseAnalyticsSwift in Frameworks */,
				50E9B8D32B66E14E00A92EB4 /* FirebaseAnalytics in Frameworks */,
				50E9B8D52B66E14E00A92EB4 /* FirebaseAnalyticsOnDeviceConversion in Frameworks */,
				50E9B8FB2B66E14E00A92EB4 /* FirebaseMLModelDownloader in Frameworks */,
				50E9B8EF2B66E14E00A92EB4 /* FirebaseFirestoreSwift in Frameworks */,
				50E9B8DB2B66E14E00A92EB4 /* FirebaseAppCheck in Frameworks */,
				50E9B8D92B66E14E00A92EB4 /* FirebaseAnalyticsWithoutAdIdSupport in Frameworks */,
				50E9B8DF2B66E14E00A92EB4 /* FirebaseAuth in Frameworks */,
				50E9B8E32B66E14E00A92EB4 /* FirebaseCrashlytics in Frameworks */,
				50E9B9032B66E14E00A92EB4 /* FirebaseRemoteConfigSwift in Frameworks */,
				50E9B8F52B66E14E00A92EB4 /* FirebaseInAppMessaging-Beta in Frameworks */,
				50E9B8E72B66E14E00A92EB4 /* FirebaseDatabaseSwift in Frameworks */,
				50E9B8F12B66E14E00A92EB4 /* FirebaseFunctions in Frameworks */,
				50E9B9072B66E14E00A92EB4 /* FirebaseStorageCombine-Community in Frameworks */,
				50E9B9012B66E14E00A92EB4 /* FirebaseRemoteConfig in Frameworks */,
				50E9B8DD2B66E14E00A92EB4 /* FirebaseAppDistribution-Beta in Frameworks */,
				50E9B8E12B66E14E00A92EB4 /* FirebaseAuthCombine-Community in Frameworks */,
				50E9B8FF2B66E14E00A92EB4 /* FirebasePerformance in Frameworks */,
				50E9B8F72B66E14E00A92EB4 /* FirebaseInAppMessagingSwift-Beta in Frameworks */,
				50E9B9052B66E14E00A92EB4 /* FirebaseStorage in Frameworks */,
				50E9B8E92B66E14E00A92EB4 /* FirebaseDynamicLinks in Frameworks */,
				50E9B8ED2B66E14E00A92EB4 /* FirebaseFirestoreCombine-Community in Frameworks */,
				50E9B8FD2B66E14E00A92EB4 /* FirebaseMessaging in Frameworks */,
				50E9B8F92B66E14E00A92EB4 /* FirebaseInstallations in Frameworks */,
			);
			runOnlyForDeploymentPostprocessing = 0;
		};
/* End PBXFrameworksBuildPhase section */

/* Begin PBXGroup section */
		A93A952E29CC810C00F8E227 = {
			isa = PBXGroup;
			children = (
				A93A953929CC810C00F8E227 /* iosApp */,
				A93A953829CC810C00F8E227 /* Products */,
				C4127409AE3703430489E7BC /* Frameworks */,
			);
			sourceTree = "<group>";
		};
		A93A953829CC810C00F8E227 /* Products */ = {
			isa = PBXGroup;
			children = (
				A93A953729CC810C00F8E227 /* PushNotificationsFire.app */,
			);
			name = Products;
			sourceTree = "<group>";
		};
		A93A953929CC810C00F8E227 /* iosApp */ = {
			isa = PBXGroup;
			children = (
				50E9B8CF2B66DD7900A92EB4 /* GoogleService-Info.plist */,
				A93A953A29CC810C00F8E227 /* iosApp.swift */,
				A93A953E29CC810D00F8E227 /* Assets.xcassets */,
				A93A954029CC810D00F8E227 /* Preview Content */,
			);
			path = iosApp;
			sourceTree = "<group>";
		};
		A93A954029CC810D00F8E227 /* Preview Content */ = {
			isa = PBXGroup;
			children = (
				A93A954129CC810D00F8E227 /* Preview Assets.xcassets */,
			);
			path = "Preview Content";
			sourceTree = "<group>";
		};
		C4127409AE3703430489E7BC /* Frameworks */ = {
			isa = PBXGroup;
			children = (
			);
			name = Frameworks;
			sourceTree = "<group>";
		};
/* End PBXGroup section */

/* Begin PBXNativeTarget section */
		A93A953629CC810C00F8E227 /* iosApp */ = {
			isa = PBXNativeTarget;
			buildConfigurationList = A93A954529CC810D00F8E227 /* Build configuration list for PBXNativeTarget "iosApp" */;
			buildPhases = (
				A9D80A052AAB5CDE006C8738 /* ShellScript */,
				A93A953329CC810C00F8E227 /* Sources */,
				A93A953429CC810C00F8E227 /* Frameworks */,
				A93A953529CC810C00F8E227 /* Resources */,
			);
			buildRules = (
			);
			dependencies = (
			);
			name = iosApp;
			packageProductDependencies = (
				50E9B8D22B66E14E00A92EB4 /* FirebaseAnalytics */,
				50E9B8D42B66E14E00A92EB4 /* FirebaseAnalyticsOnDeviceConversion */,
				50E9B8D62B66E14E00A92EB4 /* FirebaseAnalyticsSwift */,
				50E9B8D82B66E14E00A92EB4 /* FirebaseAnalyticsWithoutAdIdSupport */,
				50E9B8DA2B66E14E00A92EB4 /* FirebaseAppCheck */,
				50E9B8DC2B66E14E00A92EB4 /* FirebaseAppDistribution-Beta */,
				50E9B8DE2B66E14E00A92EB4 /* FirebaseAuth */,
				50E9B8E02B66E14E00A92EB4 /* FirebaseAuthCombine-Community */,
				50E9B8E22B66E14E00A92EB4 /* FirebaseCrashlytics */,
				50E9B8E42B66E14E00A92EB4 /* FirebaseDatabase */,
				50E9B8E62B66E14E00A92EB4 /* FirebaseDatabaseSwift */,
				50E9B8E82B66E14E00A92EB4 /* FirebaseDynamicLinks */,
				50E9B8EA2B66E14E00A92EB4 /* FirebaseFirestore */,
				50E9B8EC2B66E14E00A92EB4 /* FirebaseFirestoreCombine-Community */,
				50E9B8EE2B66E14E00A92EB4 /* FirebaseFirestoreSwift */,
				50E9B8F02B66E14E00A92EB4 /* FirebaseFunctions */,
				50E9B8F22B66E14E00A92EB4 /* FirebaseFunctionsCombine-Community */,
				50E9B8F42B66E14E00A92EB4 /* FirebaseInAppMessaging-Beta */,
				50E9B8F62B66E14E00A92EB4 /* FirebaseInAppMessagingSwift-Beta */,
				50E9B8F82B66E14E00A92EB4 /* FirebaseInstallations */,
				50E9B8FA2B66E14E00A92EB4 /* FirebaseMLModelDownloader */,
				50E9B8FC2B66E14E00A92EB4 /* FirebaseMessaging */,
				50E9B8FE2B66E14E00A92EB4 /* FirebasePerformance */,
				50E9B9002B66E14E00A92EB4 /* FirebaseRemoteConfig */,
				50E9B9022B66E14E00A92EB4 /* FirebaseRemoteConfigSwift */,
				50E9B9042B66E14E00A92EB4 /* FirebaseStorage */,
				50E9B9062B66E14E00A92EB4 /* FirebaseStorageCombine-Community */,
			);
			productName = iosApp;
			productReference = A93A953729CC810C00F8E227 /* PushNotificationsFire.app */;
			productType = "com.apple.product-type.application";
		};
/* End PBXNativeTarget section */

/* Begin PBXProject section */
		A93A952F29CC810C00F8E227 /* Project object */ = {
			isa = PBXProject;
			attributes = {
				LastSwiftUpdateCheck = 1420;
				LastUpgradeCheck = 1420;
				TargetAttributes = {
					A93A953629CC810C00F8E227 = {
						CreatedOnToolsVersion = 14.2;
					};
				};
			};
			buildConfigurationList = A93A953229CC810C00F8E227 /* Build configuration list for PBXProject "iosApp" */;
			compatibilityVersion = "Xcode 14.0";
			developmentRegion = en;
			hasScannedForEncodings = 0;
			knownRegions = (
				en,
				Base,
			);
			mainGroup = A93A952E29CC810C00F8E227;
			packageReferences = (
				50E9B8D12B66E14E00A92EB4 /* XCRemoteSwiftPackageReference "firebase-ios-sdk" */,
			);
			productRefGroup = A93A953829CC810C00F8E227 /* Products */;
			projectDirPath = "";
			projectRoot = "";
			targets = (
				A93A953629CC810C00F8E227 /* iosApp */,
			);
		};
/* End PBXProject section */

/* Begin PBXResourcesBuildPhase section */
		A93A953529CC810C00F8E227 /* Resources */ = {
			isa = PBXResourcesBuildPhase;
			buildActionMask = 2147483647;
			files = (
				A93A954229CC810D00F8E227 /* Preview Assets.xcassets in Resources */,
				A93A953F29CC810D00F8E227 /* Assets.xcassets in Resources */,
				50E9B8D02B66DD7900A92EB4 /* GoogleService-Info.plist in Resources */,
			);
			runOnlyForDeploymentPostprocessing = 0;
		};
/* End PBXResourcesBuildPhase section */

/* Begin PBXShellScriptBuildPhase section */
		A9D80A052AAB5CDE006C8738 /* ShellScript */ = {
			isa = PBXShellScriptBuildPhase;
			buildActionMask = 8;
			files = (
			);
			inputFileListPaths = (
			);
			inputPaths = (
			);
			outputFileListPaths = (
			);
			outputPaths = (
			);
			runOnlyForDeploymentPostprocessing = 1;
			shellPath = /bin/sh;
			shellScript = "cd \"$SRCROOT/..\"\n./gradlew :composeApp:embedAndSignAppleFrameworkForXcode\n";
		};
/* End PBXShellScriptBuildPhase section */

/* Begin PBXSourcesBuildPhase section */
		A93A953329CC810C00F8E227 /* Sources */ = {
			isa = PBXSourcesBuildPhase;
			buildActionMask = 2147483647;
			files = (
				A93A953B29CC810C00F8E227 /* iosApp.swift in Sources */,
			);
			runOnlyForDeploymentPostprocessing = 0;
		};
/* End PBXSourcesBuildPhase section */

/* Begin XCBuildConfiguration section */
		A93A954329CC810D00F8E227 /* Debug */ = {
			isa = XCBuildConfiguration;
			buildSettings = {
				ALWAYS_SEARCH_USER_PATHS = NO;
				CLANG_ANALYZER_NONNULL = YES;
				CLANG_ANALYZER_NUMBER_OBJECT_CONVERSION = YES_AGGRESSIVE;
				CLANG_CXX_LANGUAGE_STANDARD = "gnu++20";
				CLANG_ENABLE_MODULES = YES;
				CLANG_ENABLE_OBJC_ARC = YES;
				CLANG_ENABLE_OBJC_WEAK = YES;
				CLANG_WARN_BLOCK_CAPTURE_AUTORELEASING = YES;
				CLANG_WARN_BOOL_CONVERSION = YES;
				CLANG_WARN_COMMA = YES;
				CLANG_WARN_CONSTANT_CONVERSION = YES;
				CLANG_WARN_DEPRECATED_OBJC_IMPLEMENTATIONS = YES;
				CLANG_WARN_DIRECT_OBJC_ISA_USAGE = YES_ERROR;
				CLANG_WARN_DOCUMENTATION_COMMENTS = YES;
				CLANG_WARN_EMPTY_BODY = YES;
				CLANG_WARN_ENUM_CONVERSION = YES;
				CLANG_WARN_INFINITE_RECURSION = YES;
				CLANG_WARN_INT_CONVERSION = YES;
				CLANG_WARN_NON_LITERAL_NULL_CONVERSION = YES;
				CLANG_WARN_OBJC_IMPLICIT_RETAIN_SELF = YES;
				CLANG_WARN_OBJC_LITERAL_CONVERSION = YES;
				CLANG_WARN_OBJC_ROOT_CLASS = YES_ERROR;
				CLANG_WARN_QUOTED_INCLUDE_IN_FRAMEWORK_HEADER = YES;
				CLANG_WARN_RANGE_LOOP_ANALYSIS = YES;
				CLANG_WARN_STRICT_PROTOTYPES = YES;
				CLANG_WARN_SUSPICIOUS_MOVE = YES;
				CLANG_WARN_UNGUARDED_AVAILABILITY = YES_AGGRESSIVE;
				CLANG_WARN_UNREACHABLE_CODE = YES;
				CLANG_WARN__DUPLICATE_METHOD_MATCH = YES;
				COPY_PHASE_STRIP = NO;
				DEBUG_INFORMATION_FORMAT = dwarf;
				ENABLE_STRICT_OBJC_MSGSEND = YES;
				ENABLE_TESTABILITY = YES;
				GCC_C_LANGUAGE_STANDARD = gnu11;
				GCC_DYNAMIC_NO_PIC = NO;
				GCC_NO_COMMON_BLOCKS = YES;
				GCC_OPTIMIZATION_LEVEL = 0;
				GCC_PREPROCESSOR_DEFINITIONS = (
					"DEBUG=1",
					"$(inherited)",
				);
				GCC_WARN_64_TO_32_BIT_CONVERSION = YES;
				GCC_WARN_ABOUT_RETURN_TYPE = YES_ERROR;
				GCC_WARN_UNDECLARED_SELECTOR = YES;
				GCC_WARN_UNINITIALIZED_AUTOS = YES_AGGRESSIVE;
				GCC_WARN_UNUSED_FUNCTION = YES;
				GCC_WARN_UNUSED_VARIABLE = YES;
				IPHONEOS_DEPLOYMENT_TARGET = 16.2;
				MTL_ENABLE_DEBUG_INFO = INCLUDE_SOURCE;
				MTL_FAST_MATH = YES;
				ONLY_ACTIVE_ARCH = YES;
				SDKROOT = iphoneos;
				SWIFT_ACTIVE_COMPILATION_CONDITIONS = DEBUG;
				SWIFT_OPTIMIZATION_LEVEL = "-Onone";
			};
			name = Debug;
		};
		A93A954429CC810D00F8E227 /* Release */ = {
			isa = XCBuildConfiguration;
			buildSettings = {
				ALWAYS_SEARCH_USER_PATHS = NO;
				CLANG_ANALYZER_NONNULL = YES;
				CLANG_ANALYZER_NUMBER_OBJECT_CONVERSION = YES_AGGRESSIVE;
				CLANG_CXX_LANGUAGE_STANDARD = "gnu++20";
				CLANG_ENABLE_MODULES = YES;
				CLANG_ENABLE_OBJC_ARC = YES;
				CLANG_ENABLE_OBJC_WEAK = YES;
				CLANG_WARN_BLOCK_CAPTURE_AUTORELEASING = YES;
				CLANG_WARN_BOOL_CONVERSION = YES;
				CLANG_WARN_COMMA = YES;
				CLANG_WARN_CONSTANT_CONVERSION = YES;
				CLANG_WARN_DEPRECATED_OBJC_IMPLEMENTATIONS = YES;
				CLANG_WARN_DIRECT_OBJC_ISA_USAGE = YES_ERROR;
				CLANG_WARN_DOCUMENTATION_COMMENTS = YES;
				CLANG_WARN_EMPTY_BODY = YES;
				CLANG_WARN_ENUM_CONVERSION = YES;
				CLANG_WARN_INFINITE_RECURSION = YES;
				CLANG_WARN_INT_CONVERSION = YES;
				CLANG_WARN_NON_LITERAL_NULL_CONVERSION = YES;
				CLANG_WARN_OBJC_IMPLICIT_RETAIN_SELF = YES;
				CLANG_WARN_OBJC_LITERAL_CONVERSION = YES;
				CLANG_WARN_OBJC_ROOT_CLASS = YES_ERROR;
				CLANG_WARN_QUOTED_INCLUDE_IN_FRAMEWORK_HEADER = YES;
				CLANG_WARN_RANGE_LOOP_ANALYSIS = YES;
				CLANG_WARN_STRICT_PROTOTYPES = YES;
				CLANG_WARN_SUSPICIOUS_MOVE = YES;
				CLANG_WARN_UNGUARDED_AVAILABILITY = YES_AGGRESSIVE;
				CLANG_WARN_UNREACHABLE_CODE = YES;
				CLANG_WARN__DUPLICATE_METHOD_MATCH = YES;
				COPY_PHASE_STRIP = NO;
				DEBUG_INFORMATION_FORMAT = "dwarf-with-dsym";
				ENABLE_NS_ASSERTIONS = NO;
				ENABLE_STRICT_OBJC_MSGSEND = YES;
				GCC_C_LANGUAGE_STANDARD = gnu11;
				GCC_NO_COMMON_BLOCKS = YES;
				GCC_WARN_64_TO_32_BIT_CONVERSION = YES;
				GCC_WARN_ABOUT_RETURN_TYPE = YES_ERROR;
				GCC_WARN_UNDECLARED_SELECTOR = YES;
				GCC_WARN_UNINITIALIZED_AUTOS = YES_AGGRESSIVE;
				GCC_WARN_UNUSED_FUNCTION = YES;
				GCC_WARN_UNUSED_VARIABLE = YES;
				IPHONEOS_DEPLOYMENT_TARGET = 16.2;
				MTL_ENABLE_DEBUG_INFO = NO;
				MTL_FAST_MATH = YES;
				SDKROOT = iphoneos;
				SWIFT_COMPILATION_MODE = wholemodule;
				SWIFT_OPTIMIZATION_LEVEL = "-O";
				VALIDATE_PRODUCT = YES;
			};
			name = Release;
		};
		A93A954629CC810D00F8E227 /* Debug */ = {
			isa = XCBuildConfiguration;
			buildSettings = {
				ASSETCATALOG_COMPILER_APPICON_NAME = AppIcon;
				ASSETCATALOG_COMPILER_GLOBAL_ACCENT_COLOR_NAME = AccentColor;
				CODE_SIGN_STYLE = Automatic;
				CURRENT_PROJECT_VERSION = 1;
				DEVELOPMENT_ASSET_PATHS = "\"iosApp/Preview Content\"";
				ENABLE_PREVIEWS = YES;
				FRAMEWORK_SEARCH_PATHS = (
					"${inherited}",
					"$(SRCROOT)/../composeApp/build/xcode-frameworks/$(CONFIGURATION)/$(SDK_NAME)",
				);
				GENERATE_INFOPLIST_FILE = YES;
				INFOPLIST_KEY_UIApplicationSceneManifest_Generation = YES;
				INFOPLIST_KEY_UIApplicationSupportsIndirectInputEvents = YES;
				INFOPLIST_KEY_UILaunchScreen_Generation = YES;
				INFOPLIST_KEY_UISupportedInterfaceOrientations_iPad = "UIInterfaceOrientationPortrait UIInterfaceOrientationPortraitUpsideDown UIInterfaceOrientationLandscapeLeft UIInterfaceOrientationLandscapeRight";
				INFOPLIST_KEY_UISupportedInterfaceOrientations_iPhone = "UIInterfaceOrientationPortrait UIInterfaceOrientationLandscapeLeft UIInterfaceOrientationLandscapeRight";
				LD_RUNPATH_SEARCH_PATHS = (
					"$(inherited)",
					"@executable_path/Frameworks",
				);
				MARKETING_VERSION = 1.0;
				OTHER_LDFLAGS = (
					"${inherited}",
					"-framework",
					ComposeApp,
				);
				PRODUCT_BUNDLE_IDENTIFIER = org.push.notification.iosApp;
				PRODUCT_NAME = PushNotificationsFire;
				SWIFT_EMIT_LOC_STRINGS = YES;
				SWIFT_VERSION = 5.0;
				TARGETED_DEVICE_FAMILY = "1,2";
			};
			name = Debug;
		};
		A93A954729CC810D00F8E227 /* Release */ = {
			isa = XCBuildConfiguration;
			buildSettings = {
				ASSETCATALOG_COMPILER_APPICON_NAME = AppIcon;
				ASSETCATALOG_COMPILER_GLOBAL_ACCENT_COLOR_NAME = AccentColor;
				CODE_SIGN_STYLE = Automatic;
				CURRENT_PROJECT_VERSION = 1;
				DEVELOPMENT_ASSET_PATHS = "\"iosApp/Preview Content\"";
				ENABLE_PREVIEWS = YES;
				FRAMEWORK_SEARCH_PATHS = (
					"${inherited}",
					"$(SRCROOT)/../composeApp/build/xcode-frameworks/$(CONFIGURATION)/$(SDK_NAME)",
				);
				GENERATE_INFOPLIST_FILE = YES;
				INFOPLIST_KEY_UIApplicationSceneManifest_Generation = YES;
				INFOPLIST_KEY_UIApplicationSupportsIndirectInputEvents = YES;
				INFOPLIST_KEY_UILaunchScreen_Generation = YES;
				INFOPLIST_KEY_UISupportedInterfaceOrientations_iPad = "UIInterfaceOrientationPortrait UIInterfaceOrientationPortraitUpsideDown UIInterfaceOrientationLandscapeLeft UIInterfaceOrientationLandscapeRight";
				INFOPLIST_KEY_UISupportedInterfaceOrientations_iPhone = "UIInterfaceOrientationPortrait UIInterfaceOrientationLandscapeLeft UIInterfaceOrientationLandscapeRight";
				LD_RUNPATH_SEARCH_PATHS = (
					"$(inherited)",
					"@executable_path/Frameworks",
				);
				MARKETING_VERSION = 1.0;
				OTHER_LDFLAGS = (
					"${inherited}",
					"-framework",
					ComposeApp,
				);
				PRODUCT_BUNDLE_IDENTIFIER = org.push.notification.iosApp;
				PRODUCT_NAME = PushNotificationsFire;
				SWIFT_EMIT_LOC_STRINGS = YES;
				SWIFT_VERSION = 5.0;
				TARGETED_DEVICE_FAMILY = "1,2";
			};
			name = Release;
		};
/* End XCBuildConfiguration section */

/* Begin XCConfigurationList section */
		A93A953229CC810C00F8E227 /* Build configuration list for PBXProject "iosApp" */ = {
			isa = XCConfigurationList;
			buildConfigurations = (
				A93A954329CC810D00F8E227 /* Debug */,
				A93A954429CC810D00F8E227 /* Release */,
			);
			defaultConfigurationIsVisible = 0;
			defaultConfigurationName = Release;
		};
		A93A954529CC810D00F8E227 /* Build configuration list for PBXNativeTarget "iosApp" */ = {
			isa = XCConfigurationList;
			buildConfigurations = (
				A93A954629CC810D00F8E227 /* Debug */,
				A93A954729CC810D00F8E227 /* Release */,
			);
			defaultConfigurationIsVisible = 0;
			defaultConfigurationName = Release;
		};
/* End XCConfigurationList section */

/* Begin XCRemoteSwiftPackageReference section */
		50E9B8D12B66E14E00A92EB4 /* XCRemoteSwiftPackageReference "firebase-ios-sdk" */ = {
			isa = XCRemoteSwiftPackageReference;
			repositoryURL = "https://github.com/firebase/firebase-ios-sdk";
			requirement = {
				kind = upToNextMajorVersion;
				minimumVersion = 10.20.0;
			};
		};
/* End XCRemoteSwiftPackageReference section */

/* Begin XCSwiftPackageProductDependency section */
		50E9B8D22B66E14E00A92EB4 /* FirebaseAnalytics */ = {
			isa = XCSwiftPackageProductDependency;
			package = 50E9B8D12B66E14E00A92EB4 /* XCRemoteSwiftPackageReference "firebase-ios-sdk" */;
			productName = FirebaseAnalytics;
		};
		50E9B8D42B66E14E00A92EB4 /* FirebaseAnalyticsOnDeviceConversion */ = {
			isa = XCSwiftPackageProductDependency;
			package = 50E9B8D12B66E14E00A92EB4 /* XCRemoteSwiftPackageReference "firebase-ios-sdk" */;
			productName = FirebaseAnalyticsOnDeviceConversion;
		};
		50E9B8D62B66E14E00A92EB4 /* FirebaseAnalyticsSwift */ = {
			isa = XCSwiftPackageProductDependency;
			package = 50E9B8D12B66E14E00A92EB4 /* XCRemoteSwiftPackageReference "firebase-ios-sdk" */;
			productName = FirebaseAnalyticsSwift;
		};
		50E9B8D82B66E14E00A92EB4 /* FirebaseAnalyticsWithoutAdIdSupport */ = {
			isa = XCSwiftPackageProductDependency;
			package = 50E9B8D12B66E14E00A92EB4 /* XCRemoteSwiftPackageReference "firebase-ios-sdk" */;
			productName = FirebaseAnalyticsWithoutAdIdSupport;
		};
		50E9B8DA2B66E14E00A92EB4 /* FirebaseAppCheck */ = {
			isa = XCSwiftPackageProductDependency;
			package = 50E9B8D12B66E14E00A92EB4 /* XCRemoteSwiftPackageReference "firebase-ios-sdk" */;
			productName = FirebaseAppCheck;
		};
		50E9B8DC2B66E14E00A92EB4 /* FirebaseAppDistribution-Beta */ = {
			isa = XCSwiftPackageProductDependency;
			package = 50E9B8D12B66E14E00A92EB4 /* XCRemoteSwiftPackageReference "firebase-ios-sdk" */;
			productName = "FirebaseAppDistribution-Beta";
		};
		50E9B8DE2B66E14E00A92EB4 /* FirebaseAuth */ = {
			isa = XCSwiftPackageProductDependency;
			package = 50E9B8D12B66E14E00A92EB4 /* XCRemoteSwiftPackageReference "firebase-ios-sdk" */;
			productName = FirebaseAuth;
		};
		50E9B8E02B66E14E00A92EB4 /* FirebaseAuthCombine-Community */ = {
			isa = XCSwiftPackageProductDependency;
			package = 50E9B8D12B66E14E00A92EB4 /* XCRemoteSwiftPackageReference "firebase-ios-sdk" */;
			productName = "FirebaseAuthCombine-Community";
		};
		50E9B8E22B66E14E00A92EB4 /* FirebaseCrashlytics */ = {
			isa = XCSwiftPackageProductDependency;
			package = 50E9B8D12B66E14E00A92EB4 /* XCRemoteSwiftPackageReference "firebase-ios-sdk" */;
			productName = FirebaseCrashlytics;
		};
		50E9B8E42B66E14E00A92EB4 /* FirebaseDatabase */ = {
			isa = XCSwiftPackageProductDependency;
			package = 50E9B8D12B66E14E00A92EB4 /* XCRemoteSwiftPackageReference "firebase-ios-sdk" */;
			productName = FirebaseDatabase;
		};
		50E9B8E62B66E14E00A92EB4 /* FirebaseDatabaseSwift */ = {
			isa = XCSwiftPackageProductDependency;
			package = 50E9B8D12B66E14E00A92EB4 /* XCRemoteSwiftPackageReference "firebase-ios-sdk" */;
			productName = FirebaseDatabaseSwift;
		};
		50E9B8E82B66E14E00A92EB4 /* FirebaseDynamicLinks */ = {
			isa = XCSwiftPackageProductDependency;
			package = 50E9B8D12B66E14E00A92EB4 /* XCRemoteSwiftPackageReference "firebase-ios-sdk" */;
			productName = FirebaseDynamicLinks;
		};
		50E9B8EA2B66E14E00A92EB4 /* FirebaseFirestore */ = {
			isa = XCSwiftPackageProductDependency;
			package = 50E9B8D12B66E14E00A92EB4 /* XCRemoteSwiftPackageReference "firebase-ios-sdk" */;
			productName = FirebaseFirestore;
		};
		50E9B8EC2B66E14E00A92EB4 /* FirebaseFirestoreCombine-Community */ = {
			isa = XCSwiftPackageProductDependency;
			package = 50E9B8D12B66E14E00A92EB4 /* XCRemoteSwiftPackageReference "firebase-ios-sdk" */;
			productName = "FirebaseFirestoreCombine-Community";
		};
		50E9B8EE2B66E14E00A92EB4 /* FirebaseFirestoreSwift */ = {
			isa = XCSwiftPackageProductDependency;
			package = 50E9B8D12B66E14E00A92EB4 /* XCRemoteSwiftPackageReference "firebase-ios-sdk" */;
			productName = FirebaseFirestoreSwift;
		};
		50E9B8F02B66E14E00A92EB4 /* FirebaseFunctions */ = {
			isa = XCSwiftPackageProductDependency;
			package = 50E9B8D12B66E14E00A92EB4 /* XCRemoteSwiftPackageReference "firebase-ios-sdk" */;
			productName = FirebaseFunctions;
		};
		50E9B8F22B66E14E00A92EB4 /* FirebaseFunctionsCombine-Community */ = {
			isa = XCSwiftPackageProductDependency;
			package = 50E9B8D12B66E14E00A92EB4 /* XCRemoteSwiftPackageReference "firebase-ios-sdk" */;
			productName = "FirebaseFunctionsCombine-Community";
		};
		50E9B8F42B66E14E00A92EB4 /* FirebaseInAppMessaging-Beta */ = {
			isa = XCSwiftPackageProductDependency;
			package = 50E9B8D12B66E14E00A92EB4 /* XCRemoteSwiftPackageReference "firebase-ios-sdk" */;
			productName = "FirebaseInAppMessaging-Beta";
		};
		50E9B8F62B66E14E00A92EB4 /* FirebaseInAppMessagingSwift-Beta */ = {
			isa = XCSwiftPackageProductDependency;
			package = 50E9B8D12B66E14E00A92EB4 /* XCRemoteSwiftPackageReference "firebase-ios-sdk" */;
			productName = "FirebaseInAppMessagingSwift-Beta";
		};
		50E9B8F82B66E14E00A92EB4 /* FirebaseInstallations */ = {
			isa = XCSwiftPackageProductDependency;
			package = 50E9B8D12B66E14E00A92EB4 /* XCRemoteSwiftPackageReference "firebase-ios-sdk" */;
			productName = FirebaseInstallations;
		};
		50E9B8FA2B66E14E00A92EB4 /* FirebaseMLModelDownloader */ = {
			isa = XCSwiftPackageProductDependency;
			package = 50E9B8D12B66E14E00A92EB4 /* XCRemoteSwiftPackageReference "firebase-ios-sdk" */;
			productName = FirebaseMLModelDownloader;
		};
		50E9B8FC2B66E14E00A92EB4 /* FirebaseMessaging */ = {
			isa = XCSwiftPackageProductDependency;
			package = 50E9B8D12B66E14E00A92EB4 /* XCRemoteSwiftPackageReference "firebase-ios-sdk" */;
			productName = FirebaseMessaging;
		};
		50E9B8FE2B66E14E00A92EB4 /* FirebasePerformance */ = {
			isa = XCSwiftPackageProductDependency;
			package = 50E9B8D12B66E14E00A92EB4 /* XCRemoteSwiftPackageReference "firebase-ios-sdk" */;
			productName = FirebasePerformance;
		};
		50E9B9002B66E14E00A92EB4 /* FirebaseRemoteConfig */ = {
			isa = XCSwiftPackageProductDependency;
			package = 50E9B8D12B66E14E00A92EB4 /* XCRemoteSwiftPackageReference "firebase-ios-sdk" */;
			productName = FirebaseRemoteConfig;
		};
		50E9B9022B66E14E00A92EB4 /* FirebaseRemoteConfigSwift */ = {
			isa = XCSwiftPackageProductDependency;
			package = 50E9B8D12B66E14E00A92EB4 /* XCRemoteSwiftPackageReference "firebase-ios-sdk" */;
			productName = FirebaseRemoteConfigSwift;
		};
		50E9B9042B66E14E00A92EB4 /* FirebaseStorage */ = {
			isa = XCSwiftPackageProductDependency;
			package = 50E9B8D12B66E14E00A92EB4 /* XCRemoteSwiftPackageReference "firebase-ios-sdk" */;
			productName = FirebaseStorage;
		};
		50E9B9062B66E14E00A92EB4 /* FirebaseStorageCombine-Community */ = {
			isa = XCSwiftPackageProductDependency;
			package = 50E9B8D12B66E14E00A92EB4 /* XCRemoteSwiftPackageReference "firebase-ios-sdk" */;
			productName = "FirebaseStorageCombine-Community";
		};
/* End XCSwiftPackageProductDependency section */
	};
	rootObject = A93A952F29CC810C00F8E227 /* Project object */;
}
